github.com/sandgorgon/9auth v0.1.0 h1:5NjVw6Y+FB6O2+s68AQxYZPdeBIXr5nSa9x6sEl7mrI=
github.com/sandgorgon/9auth v0.1.0/go.mod h1:vdzC+3OvvLLSMwWp9q9nCor7z6JYiNIIqvw3ciKVCbg=
github.com/sandgorgon/9p v0.6.0 h1:wvLEkqdHE1PHBu8Zu3ANY5a6+P4LKXeQSCNuYQMS8dM=
github.com/sandgorgon/9p v0.6.0/go.mod h1:2Nb790mCwWAbRdWWtH3hCTCqfq8ETAN8DmPZvuC79is=
github.com/sandgorgon/tui v0.1.12 h1:XlT6bnJvM1j3DDYqUo4WRLhgrWsX2l221LyeV5C7eHY=
github.com/sandgorgon/tui v0.1.12/go.mod h1:QUNbbETUCwWwSt1Ht6NMmPexXyCa5uKsP1OAVZ03SYo=
github.com/sandgorgon/tui v0.1.13 h1:eacgf/hP4275HMhxmEoOMYYibnig+cCiVeaHWVmQntY=
github.com/sandgorgon/tui v0.1.13/go.mod h1:QUNbbETUCwWwSt1Ht6NMmPexXyCa5uKsP1OAVZ03SYo=
